
Microsoft Visual Studio Solution File, Format Version 12.00
# Visual Studio Version 16
VisualStudioVersion = 16.0.30320.27
MinimumVisualStudioVersion = 10.0.40219.1
Project("{FAE04EC0-301F-11D3-BF4B-00C04F79EFBC}") = "LoginAutentication", "LoginAutentication\LoginAutentication.csproj", "{1C0A81FF-C235-42C8-B712-9E679B00529F}"
EndProject
Global
	GlobalSection(SolutionConfigurationPlatforms) = preSolution
		Debug|Any CPU = Debug|Any CPU
		Release|Any CPU = Release|Any CPU
	EndGlobalSection
	GlobalSection(ProjectConfigurationPlatforms) = postSolution
		{1C0A81FF-C235-42C8-B712-9E679B00529F}.Debug|Any CPU.ActiveCfg = Debug|Any CPU
		{1C0A81FF-C235-42C8-B712-9E679B00529F}.Debug|Any CPU.Build.0 = Debug|Any CPU
		{1C0A81FF-C235-42C8-B712-9E679B00529F}.Release|Any CPU.ActiveCfg = Release|Any CPU
		{1C0A81FF-C235-42C8-B712-9E679B00529F}.Release|Any CPU.Build.0 = Release|Any CPU
	EndGlobalSection
	GlobalSection(SolutionProperties) = preSolution
		HideSolutionNode = FALSE
	EndGlobalSection
	GlobalSection(ExtensibilityGlobals) = postSolution
		SolutionGuid = {CF8292C5-35DC-4AD1-BC3A-259DDF416B63}
	EndGlobalSection
EndGlobal
